// !$*UTF8*$!
{
	archiveVersion = 1;
	classes = {
	};
	objectVersion = 50;
	objects = {

/* Begin PBXBuildFile section */
		510A20A620CE248D00299D65 /* Main.storyboard in Resources */ = {isa = PBXBuildFile; fileRef = 510A20A420CE248D00299D65 /* Main.storyboard */; };
		510A20A820CE248E00299D65 /* Assets.xcassets in Resources */ = {isa = PBXBuildFile; fileRef = 510A20A720CE248E00299D65 /* Assets.xcassets */; };
		510A20AB20CE248E00299D65 /* LaunchScreen.storyboard in Resources */ = {isa = PBXBuildFile; fileRef = 510A20A920CE248E00299D65 /* LaunchScreen.storyboard */; };
		510A20B620CE248E00299D65 /* DYLive_SwiftTests.swift in Sources */ = {isa = PBXBuildFile; fileRef = 510A20B520CE248E00299D65 /* DYLive_SwiftTests.swift */; };
		510A20D620CE24E700299D65 /* ViewController.swift in Sources */ = {isa = PBXBuildFile; fileRef = 510A20D420CE24E700299D65 /* ViewController.swift */; };
		510A20D720CE24E700299D65 /* AppDelegate.swift in Sources */ = {isa = PBXBuildFile; fileRef = 510A20D520CE24E700299D65 /* AppDelegate.swift */; };
		51E0F7B520CE4BEE0032090B /* Home.storyboard in Resources */ = {isa = PBXBuildFile; fileRef = 51E0F7B320CE4BEE0032090B /* Home.storyboard */; };
		51E0F7B820CE4C330032090B /* Live.storyboard in Resources */ = {isa = PBXBuildFile; fileRef = 51E0F7B620CE4C330032090B /* Live.storyboard */; };
		51E0F7BB20CE4C570032090B /* Follow.storyboard in Resources */ = {isa = PBXBuildFile; fileRef = 51E0F7B920CE4C570032090B /* Follow.storyboard */; };
		51E0F7BE20CE4C6B0032090B /* Profile.storyboard in Resources */ = {isa = PBXBuildFile; fileRef = 51E0F7BC20CE4C6B0032090B /* Profile.storyboard */; };
		51E0F7C020CE4D110032090B /* MainTabBarController.swift in Sources */ = {isa = PBXBuildFile; fileRef = 51E0F7BF20CE4D110032090B /* MainTabBarController.swift */; };
/* End PBXBuildFile section */

/* Begin PBXContainerItemProxy section */
		510A20B220CE248E00299D65 /* PBXContainerItemProxy */ = {
			isa = PBXContainerItemProxy;
			containerPortal = 510A209520CE248D00299D65 /* Project object */;
			proxyType = 1;
			remoteGlobalIDString = 510A209C20CE248D00299D65;
			remoteInfo = DYLive_Swift;
		};
/* End PBXContainerItemProxy section */

/* Begin PBXFileReference section */
		510A209D20CE248D00299D65 /* DYLive_Swift.app */ = {isa = PBXFileReference; explicitFileType = wrapper.application; includeInIndex = 0; path = DYLive_Swift.app; sourceTree = BUILT_PRODUCTS_DIR; };
		510A20A520CE248D00299D65 /* Base */ = {isa = PBXFileReference; lastKnownFileType = file.storyboard; name = Base; path = Base.lproj/Main.storyboard; sourceTree = "<group>"; };
		510A20A720CE248E00299D65 /* Assets.xcassets */ = {isa = PBXFileReference; lastKnownFileType = folder.assetcatalog; path = Assets.xcassets; sourceTree = "<group>"; };
		510A20AA20CE248E00299D65 /* Base */ = {isa = PBXFileReference; lastKnownFileType = file.storyboard; name = Base; path = Base.lproj/LaunchScreen.storyboard; sourceTree = "<group>"; };
		510A20AC20CE248E00299D65 /* Info.plist */ = {isa = PBXFileReference; lastKnownFileType = text.plist.xml; path = Info.plist; sourceTree = "<group>"; };
		510A20B120CE248E00299D65 /* DYLive_SwiftTests.xctest */ = {isa = PBXFileReference; explicitFileType = wrapper.cfbundle; includeInIndex = 0; path = DYLive_SwiftTests.xctest; sourceTree = BUILT_PRODUCTS_DIR; };
		510A20B520CE248E00299D65 /* DYLive_SwiftTests.swift */ = {isa = PBXFileReference; lastKnownFileType = sourcecode.swift; path = DYLive_SwiftTests.swift; sourceTree = "<group>"; };
		510A20B720CE248E00299D65 /* Info.plist */ = {isa = PBXFileReference; lastKnownFileType = text.plist.xml; path = Info.plist; sourceTree = "<group>"; };
		510A20D420CE24E700299D65 /* ViewController.swift */ = {isa = PBXFileReference; fileEncoding = 4; lastKnownFileType = sourcecode.swift; path = ViewController.swift; sourceTree = "<group>"; };
		510A20D520CE24E700299D65 /* AppDelegate.swift */ = {isa = PBXFileReference; fileEncoding = 4; lastKnownFileType = sourcecode.swift; path = AppDelegate.swift; sourceTree = "<group>"; };
		51E0F7B420CE4BEE0032090B /* Base */ = {isa = PBXFileReference; lastKnownFileType = file.storyboard; name = Base; path = DYLive_Swift/Base.lproj/Home.storyboard; sourceTree = "<group>"; };
		51E0F7B720CE4C330032090B /* Base */ = {isa = PBXFileReference; lastKnownFileType = file.storyboard; name = Base; path = DYLive_Swift/Base.lproj/Live.storyboard; sourceTree = "<group>"; };
		51E0F7BA20CE4C570032090B /* Base */ = {isa = PBXFileReference; lastKnownFileType = file.storyboard; name = Base; path = DYLive_Swift/Base.lproj/Follow.storyboard; sourceTree = "<group>"; };
		51E0F7BD20CE4C6B0032090B /* Base */ = {isa = PBXFileReference; lastKnownFileType = file.storyboard; name = Base; path = DYLive_Swift/Base.lproj/Profile.storyboard; sourceTree = "<group>"; };
		51E0F7BF20CE4D110032090B /* MainTabBarController.swift */ = {isa = PBXFileReference; lastKnownFileType = sourcecode.swift; path = MainTabBarController.swift; sourceTree = "<group>"; };
/* End PBXFileReference section */

/* Begin PBXFrameworksBuildPhase section */
		510A209A20CE248D00299D65 /* Frameworks */ = {
			isa = PBXFrameworksBuildPhase;
			buildActionMask = 2147483647;
			files = (
			);
			runOnlyForDeploymentPostprocessing = 0;
		};
		510A20AE20CE248E00299D65 /* Frameworks */ = {
			isa = PBXFrameworksBuildPhase;
			buildActionMask = 2147483647;
			files = (
			);
			runOnlyForDeploymentPostprocessing = 0;
		};
/* End PBXFrameworksBuildPhase section */

/* Begin PBXGroup section */
		510A209420CE248D00299D65 = {
			isa = PBXGroup;
			children = (
				510A209F20CE248D00299D65 /* DYLive_Swift */,
				510A20B420CE248E00299D65 /* DYLive_SwiftTests */,
				510A209E20CE248D00299D65 /* Products */,
			);
			sourceTree = "<group>";
		};
		510A209E20CE248D00299D65 /* Products */ = {
			isa = PBXGroup;
			children = (
				510A209D20CE248D00299D65 /* DYLive_Swift.app */,
				510A20B120CE248E00299D65 /* DYLive_SwiftTests.xctest */,
			);
			name = Products;
			sourceTree = "<group>";
		};
		510A209F20CE248D00299D65 /* DYLive_Swift */ = {
			isa = PBXGroup;
			children = (
				510A20C020CE24E700299D65 /* Classes */,
				510A20D520CE24E700299D65 /* AppDelegate.swift */,
				510A20A420CE248D00299D65 /* Main.storyboard */,
				51E0F7BC20CE4C6B0032090B /* Profile.storyboard */,
				51E0F7B920CE4C570032090B /* Follow.storyboard */,
				51E0F7B620CE4C330032090B /* Live.storyboard */,
				51E0F7B320CE4BEE0032090B /* Home.storyboard */,
				510A20A720CE248E00299D65 /* Assets.xcassets */,
				510A20A920CE248E00299D65 /* LaunchScreen.storyboard */,
				510A20AC20CE248E00299D65 /* Info.plist */,
			);
			path = DYLive_Swift;
			sourceTree = "<group>";
		};
		510A20B420CE248E00299D65 /* DYLive_SwiftTests */ = {
			isa = PBXGroup;
			children = (
				510A20B520CE248E00299D65 /* DYLive_SwiftTests.swift */,
				510A20B720CE248E00299D65 /* Info.plist */,
			);
			path = DYLive_SwiftTests;
			sourceTree = "<group>";
		};
		510A20C020CE24E700299D65 /* Classes */ = {
			isa = PBXGroup;
			children = (
				510A20D220CE24E700299D65 /* Main */,
				510A20C120CE24E700299D65 /* Home */,
				510A20CA20CE24E700299D65 /* Follow */,
				510A20CE20CE24E700299D65 /* Profile */,
				510A20C620CE24E700299D65 /* Room */,
				510A20C520CE24E700299D65 /* Tools */,
			);
			path = Classes;
			sourceTree = "<group>";
		};
		510A20C120CE24E700299D65 /* Home */ = {
			isa = PBXGroup;
			children = (
				510A20C220CE24E700299D65 /* ViewModel */,
				510A20C320CE24E700299D65 /* Controller */,
				510A20C420CE24E700299D65 /* View */,
			);
			path = Home;
			sourceTree = "<group>";
		};
		510A20C220CE24E700299D65 /* ViewModel */ = {
			isa = PBXGroup;
			children = (
			);
			path = ViewModel;
			sourceTree = "<group>";
		};
		510A20C320CE24E700299D65 /* Controller */ = {
			isa = PBXGroup;
			children = (
			);
			path = Controller;
			sourceTree = "<group>";
		};
		510A20C420CE24E700299D65 /* View */ = {
			isa = PBXGroup;
			children = (
			);
			path = View;
			sourceTree = "<group>";
		};
		510A20C520CE24E700299D65 /* Tools */ = {
			isa = PBXGroup;
			children = (
			);
			path = Tools;
			sourceTree = "<group>";
		};
		510A20C620CE24E700299D65 /* Room */ = {
			isa = PBXGroup;
			children = (
				510A20C720CE24E700299D65 /* ViewModel */,
				510A20C820CE24E700299D65 /* Controller */,
				510A20C920CE24E700299D65 /* View */,
			);
			path = Room;
			sourceTree = "<group>";
		};
		510A20C720CE24E700299D65 /* ViewModel */ = {
			isa = PBXGroup;
			children = (
			);
			path = ViewModel;
			sourceTree = "<group>";
		};
		510A20C820CE24E700299D65 /* Controller */ = {
			isa = PBXGroup;
			children = (
			);
			path = Controller;
			sourceTree = "<group>";
		};
		510A20C920CE24E700299D65 /* View */ = {
			isa = PBXGroup;
			children = (
			);
			path = View;
			sourceTree = "<group>";
		};
		510A20CA20CE24E700299D65 /* Follow */ = {
			isa = PBXGroup;
			children = (
				510A20CB20CE24E700299D65 /* ViewModel */,
				510A20CC20CE24E700299D65 /* Controller */,
				510A20CD20CE24E700299D65 /* View */,
			);
			path = Follow;
			sourceTree = "<group>";
		};
		510A20CB20CE24E700299D65 /* ViewModel */ = {
			isa = PBXGroup;
			children = (
			);
			path = ViewModel;
			sourceTree = "<group>";
		};
		510A20CC20CE24E700299D65 /* Controller */ = {
			isa = PBXGroup;
			children = (
			);
			path = Controller;
			sourceTree = "<group>";
		};
		510A20CD20CE24E700299D65 /* View */ = {
			isa = PBXGroup;
			children = (
			);
			path = View;
			sourceTree = "<group>";
		};
		510A20CE20CE24E700299D65 /* Profile */ = {
			isa = PBXGroup;
			children = (
				510A20CF20CE24E700299D65 /* ViewModel */,
				510A20D020CE24E700299D65 /* Controller */,
				510A20D120CE24E700299D65 /* View */,
			);
			path = Profile;
			sourceTree = "<group>";
		};
		510A20CF20CE24E700299D65 /* ViewModel */ = {
			isa = PBXGroup;
			children = (
			);
			path = ViewModel;
			sourceTree = "<group>";
		};
		510A20D020CE24E700299D65 /* Controller */ = {
			isa = PBXGroup;
			children = (
			);
			path = Controller;
			sourceTree = "<group>";
		};
		510A20D120CE24E700299D65 /* View */ = {
			isa = PBXGroup;
			children = (
			);
			path = View;
			sourceTree = "<group>";
		};
		510A20D220CE24E700299D65 /* Main */ = {
			isa = PBXGroup;
			children = (
				510A20D320CE24E700299D65 /* Other */,
				51E0F7BF20CE4D110032090B /* MainTabBarController.swift */,
			);
			path = Main;
			sourceTree = "<group>";
		};
		510A20D320CE24E700299D65 /* Other */ = {
			isa = PBXGroup;
			children = (
				510A20D420CE24E700299D65 /* ViewController.swift */,
			);
			path = Other;
			sourceTree = "<group>";
		};
/* End PBXGroup section */

/* Begin PBXNativeTarget section */
		510A209C20CE248D00299D65 /* DYLive_Swift */ = {
			isa = PBXNativeTarget;
			buildConfigurationList = 510A20BA20CE248E00299D65 /* Build configuration list for PBXNativeTarget "DYLive_Swift" */;
			buildPhases = (
				510A209920CE248D00299D65 /* Sources */,
				510A209A20CE248D00299D65 /* Frameworks */,
				510A209B20CE248D00299D65 /* Resources */,
			);
			buildRules = (
			);
			dependencies = (
			);
			name = DYLive_Swift;
			productName = DYLive_Swift;
			productReference = 510A209D20CE248D00299D65 /* DYLive_Swift.app */;
			productType = "com.apple.product-type.application";
		};
		510A20B020CE248E00299D65 /* DYLive_SwiftTests */ = {
			isa = PBXNativeTarget;
			buildConfigurationList = 510A20BD20CE248E00299D65 /* Build configuration list for PBXNativeTarget "DYLive_SwiftTests" */;
			buildPhases = (
				510A20AD20CE248E00299D65 /* Sources */,
				510A20AE20CE248E00299D65 /* Frameworks */,
				510A20AF20CE248E00299D65 /* Resources */,
			);
			buildRules = (
			);
			dependencies = (
				510A20B320CE248E00299D65 /* PBXTargetDependency */,
			);
			name = DYLive_SwiftTests;
			productName = DYLive_SwiftTests;
			productReference = 510A20B120CE248E00299D65 /* DYLive_SwiftTests.xctest */;
			productType = "com.apple.product-type.bundle.unit-test";
		};
/* End PBXNativeTarget section */

/* Begin PBXProject section */
		510A209520CE248D00299D65 /* Project object */ = {
			isa = PBXProject;
			attributes = {
				LastSwiftUpdateCheck = 0930;
				LastUpgradeCheck = 0930;
				ORGANIZATIONNAME = "瞿嘉洪";
				TargetAttributes = {
					510A209C20CE248D00299D65 = {
						CreatedOnToolsVersion = 9.3.1;
					};
					510A20B020CE248E00299D65 = {
						CreatedOnToolsVersion = 9.3.1;
						TestTargetID = 510A209C20CE248D00299D65;
					};
				};
			};
			buildConfigurationList = 510A209820CE248D00299D65 /* Build configuration list for PBXProject "DYLive_Swift" */;
			compatibilityVersion = "Xcode 9.3";
			developmentRegion = en;
			hasScannedForEncodings = 0;
			knownRegions = (
				en,
				Base,
			);
			mainGroup = 510A209420CE248D00299D65;
			productRefGroup = 510A209E20CE248D00299D65 /* Products */;
			projectDirPath = "";
			projectRoot = "";
			targets = (
				510A209C20CE248D00299D65 /* DYLive_Swift */,
				510A20B020CE248E00299D65 /* DYLive_SwiftTests */,
			);
		};
/* End PBXProject section */

/* Begin PBXResourcesBuildPhase section */
		510A209B20CE248D00299D65 /* Resources */ = {
			isa = PBXResourcesBuildPhase;
			buildActionMask = 2147483647;
			files = (
				510A20AB20CE248E00299D65 /* LaunchScreen.storyboard in Resources */,
				510A20A820CE248E00299D65 /* Assets.xcassets in Resources */,
				510A20A620CE248D00299D65 /* Main.storyboard in Resources */,
				51E0F7B820CE4C330032090B /* Live.storyboard in Resources */,
				51E0F7B520CE4BEE0032090B /* Home.storyboard in Resources */,
				51E0F7BE20CE4C6B0032090B /* Profile.storyboard in Resources */,
				51E0F7BB20CE4C570032090B /* Follow.storyboard in Resources */,
			);
			runOnlyForDeploymentPostprocessing = 0;
		};
		510A20AF20CE248E00299D65 /* Resources */ = {
			isa = PBXResourcesBuildPhase;
			buildActionMask = 2147483647;
			files = (
			);
			runOnlyForDeploymentPostprocessing = 0;
		};
/* End PBXResourcesBuildPhase section */

/* Begin PBXSourcesBuildPhase section */
		510A209920CE248D00299D65 /* Sources */ = {
			isa = PBXSourcesBuildPhase;
			buildActionMask = 2147483647;
			files = (
				510A20D720CE24E700299D65 /* AppDelegate.swift in Sources */,
				510A20D620CE24E700299D65 /* ViewController.swift in Sources */,
				51E0F7C020CE4D110032090B /* MainTabBarController.swift in Sources */,
			);
			runOnlyForDeploymentPostprocessing = 0;
		};
		510A20AD20CE248E00299D65 /* Sources */ = {
			isa = PBXSourcesBuildPhase;
			buildActionMask = 2147483647;
			files = (
				510A20B620CE248E00299D65 /* DYLive_SwiftTests.swift in Sources */,
			);
			runOnlyForDeploymentPostprocessing = 0;
		};
/* End PBXSourcesBuildPhase section */

/* Begin PBXTargetDependency section */
		510A20B320CE248E00299D65 /* PBXTargetDependency */ = {
			isa = PBXTargetDependency;
			target = 510A209C20CE248D00299D65 /* DYLive_Swift */;
			targetProxy = 510A20B220CE248E00299D65 /* PBXContainerItemProxy */;
		};
/* End PBXTargetDependency section */

/* Begin PBXVariantGroup section */
		510A20A420CE248D00299D65 /* Main.storyboard */ = {
			isa = PBXVariantGroup;
			children = (
				510A20A520CE248D00299D65 /* Base */,
			);
			name = Main.storyboard;
			sourceTree = "<group>";
		};
		510A20A920CE248E00299D65 /* LaunchScreen.storyboard */ = {
			isa = PBXVariantGroup;
			children = (
				510A20AA20CE248E00299D65 /* Base */,
			);
			name = LaunchScreen.storyboard;
			sourceTree = "<group>";
		};
		51E0F7B320CE4BEE0032090B /* Home.storyboard */ = {
			isa = PBXVariantGroup;
			children = (
				51E0F7B420CE4BEE0032090B /* Base */,
			);
			name = Home.storyboard;
			sourceTree = "<group>";
		};
		51E0F7B620CE4C330032090B /* Live.storyboard */ = {
			isa = PBXVariantGroup;
			children = (
				51E0F7B720CE4C330032090B /* Base */,
			);
			name = Live.storyboard;
			sourceTree = "<group>";
		};
		51E0F7B920CE4C570032090B /* Follow.storyboard */ = {
			isa = PBXVariantGroup;
			children = (
				51E0F7BA20CE4C570032090B /* Base */,
			);
			name = Follow.storyboard;
			sourceTree = "<group>";
		};
		51E0F7BC20CE4C6B0032090B /* Profile.storyboard */ = {
			isa = PBXVariantGroup;
			children = (
				51E0F7BD20CE4C6B0032090B /* Base */,
			);
			name = Profile.storyboard;
			sourceTree = "<group>";
		};
/* End PBXVariantGroup section */

/* Begin XCBuildConfiguration section */
		510A20B820CE248E00299D65 /* Debug */ = {
			isa = XCBuildConfiguration;
			buildSettings = {
				ALWAYS_SEARCH_USER_PATHS = NO;
				CLANG_ANALYZER_NONNULL = YES;
				CLANG_ANALYZER_NUMBER_OBJECT_CONVERSION = YES_AGGRESSIVE;
				CLANG_CXX_LANGUAGE_STANDARD = "gnu++14";
				CLANG_CXX_LIBRARY = "libc++";
				CLANG_ENABLE_MODULES = YES;
				CLANG_ENABLE_OBJC_ARC = YES;
				CLANG_ENABLE_OBJC_WEAK = YES;
				CLANG_WARN_BLOCK_CAPTURE_AUTORELEASING = YES;
				CLANG_WARN_BOOL_CONVERSION = YES;
				CLANG_WARN_COMMA = YES;
				CLANG_WARN_CONSTANT_CONVERSION = YES;
				CLANG_WARN_DEPRECATED_OBJC_IMPLEMENTATIONS = YES;
				CLANG_WARN_DIRECT_OBJC_ISA_USAGE = YES_ERROR;
				CLANG_WARN_DOCUMENTATION_COMMENTS = YES;
				CLANG_WARN_EMPTY_BODY = YES;
				CLANG_WARN_ENUM_CONVERSION = YES;
				CLANG_WARN_INFINITE_RECURSION = YES;
				CLANG_WARN_INT_CONVERSION = YES;
				CLANG_WARN_NON_LITERAL_NULL_CONVERSION = YES;
				CLANG_WARN_OBJC_IMPLICIT_RETAIN_SELF = YES;
				CLANG_WARN_OBJC_LITERAL_CONVERSION = YES;
				CLANG_WARN_OBJC_ROOT_CLASS = YES_ERROR;
				CLANG_WARN_RANGE_LOOP_ANALYSIS = YES;
				CLANG_WARN_STRICT_PROTOTYPES = YES;
				CLANG_WARN_SUSPICIOUS_MOVE = YES;
				CLANG_WARN_UNGUARDED_AVAILABILITY = YES_AGGRESSIVE;
				CLANG_WARN_UNREACHABLE_CODE = YES;
				CLANG_WARN__DUPLICATE_METHOD_MATCH = YES;
				CODE_SIGN_IDENTITY = "iPhone Developer";
				COPY_PHASE_STRIP = NO;
				DEBUG_INFORMATION_FORMAT = dwarf;
				ENABLE_STRICT_OBJC_MSGSEND = YES;
				ENABLE_TESTABILITY = YES;
				GCC_C_LANGUAGE_STANDARD = gnu11;
				GCC_DYNAMIC_NO_PIC = NO;
				GCC_NO_COMMON_BLOCKS = YES;
				GCC_OPTIMIZATION_LEVEL = 0;
				GCC_PREPROCESSOR_DEFINITIONS = (
					"DEBUG=1",
					"$(inherited)",
				);
				GCC_WARN_64_TO_32_BIT_CONVERSION = YES;
				GCC_WARN_ABOUT_RETURN_TYPE = YES_ERROR;
				GCC_WARN_UNDECLARED_SELECTOR = YES;
				GCC_WARN_UNINITIALIZED_AUTOS = YES_AGGRESSIVE;
				GCC_WARN_UNUSED_FUNCTION = YES;
				GCC_WARN_UNUSED_VARIABLE = YES;
				IPHONEOS_DEPLOYMENT_TARGET = 11.3;
				MTL_ENABLE_DEBUG_INFO = YES;
				ONLY_ACTIVE_ARCH = YES;
				SDKROOT = iphoneos;
				SWIFT_ACTIVE_COMPILATION_CONDITIONS = DEBUG;
				SWIFT_OPTIMIZATION_LEVEL = "-Onone";
			};
			name = Debug;
		};
		510A20B920CE248E00299D65 /* Release */ = {
			isa = XCBuildConfiguration;
			buildSettings = {
				ALWAYS_SEARCH_USER_PATHS = NO;
				CLANG_ANALYZER_NONNULL = YES;
				CLANG_ANALYZER_NUMBER_OBJECT_CONVERSION = YES_AGGRESSIVE;
				CLANG_CXX_LANGUAGE_STANDARD = "gnu++14";
				CLANG_CXX_LIBRARY = "libc++";
				CLANG_ENABLE_MODULES = YES;
				CLANG_ENABLE_OBJC_ARC = YES;
				CLANG_ENABLE_OBJC_WEAK = YES;
				CLANG_WARN_BLOCK_CAPTURE_AUTORELEASING = YES;
				CLANG_WARN_BOOL_CONVERSION = YES;
				CLANG_WARN_COMMA = YES;
				CLANG_WARN_CONSTANT_CONVERSION = YES;
				CLANG_WARN_DEPRECATED_OBJC_IMPLEMENTATIONS = YES;
				CLANG_WARN_DIRECT_OBJC_ISA_USAGE = YES_ERROR;
				CLANG_WARN_DOCUMENTATION_COMMENTS = YES;
				CLANG_WARN_EMPTY_BODY = YES;
				CLANG_WARN_ENUM_CONVERSION = YES;
				CLANG_WARN_INFINITE_RECURSION = YES;
				CLANG_WARN_INT_CONVERSION = YES;
				CLANG_WARN_NON_LITERAL_NULL_CONVERSION = YES;
				CLANG_WARN_OBJC_IMPLICIT_RETAIN_SELF = YES;
				CLANG_WARN_OBJC_LITERAL_CONVERSION = YES;
				CLANG_WARN_OBJC_ROOT_CLASS = YES_ERROR;
				CLANG_WARN_RANGE_LOOP_ANALYSIS = YES;
				CLANG_WARN_STRICT_PROTOTYPES = YES;
				CLANG_WARN_SUSPICIOUS_MOVE = YES;
				CLANG_WARN_UNGUARDED_AVAILABILITY = YES_AGGRESSIVE;
				CLANG_WARN_UNREACHABLE_CODE = YES;
				CLANG_WARN__DUPLICATE_METHOD_MATCH = YES;
				CODE_SIGN_IDENTITY = "iPhone Developer";
				COPY_PHASE_STRIP = NO;
				DEBUG_INFORMATION_FORMAT = "dwarf-with-dsym";
				ENABLE_NS_ASSERTIONS = NO;
				ENABLE_STRICT_OBJC_MSGSEND = YES;
				GCC_C_LANGUAGE_STANDARD = gnu11;
				GCC_NO_COMMON_BLOCKS = YES;
				GCC_WARN_64_TO_32_BIT_CONVERSION = YES;
				GCC_WARN_ABOUT_RETURN_TYPE = YES_ERROR;
				GCC_WARN_UNDECLARED_SELECTOR = YES;
				GCC_WARN_UNINITIALIZED_AUTOS = YES_AGGRESSIVE;
				GCC_WARN_UNUSED_FUNCTION = YES;
				GCC_WARN_UNUSED_VARIABLE = YES;
				IPHONEOS_DEPLOYMENT_TARGET = 11.3;
				MTL_ENABLE_DEBUG_INFO = NO;
				SDKROOT = iphoneos;
				SWIFT_COMPILATION_MODE = wholemodule;
				SWIFT_OPTIMIZATION_LEVEL = "-O";
				VALIDATE_PRODUCT = YES;
			};
			name = Release;
		};
		510A20BB20CE248E00299D65 /* Debug */ = {
			isa = XCBuildConfiguration;
			buildSettings = {
				ASSETCATALOG_COMPILER_APPICON_NAME = AppIcon;
				ASSETCATALOG_COMPILER_LAUNCHIMAGE_NAME = LaunchImage;
				CODE_SIGN_STYLE = Automatic;
				DEVELOPMENT_TEAM = L9687TNJ7S;
				INFOPLIST_FILE = DYLive_Swift/Info.plist;
				LD_RUNPATH_SEARCH_PATHS = (
					"$(inherited)",
					"@executable_path/Frameworks",
				);
				PRODUCT_BUNDLE_IDENTIFIER = "Mr.QuAndLi.DYLive-Swift";
				PRODUCT_NAME = "$(TARGET_NAME)";
				SWIFT_VERSION = 4.0;
				TARGETED_DEVICE_FAMILY = "1,2";
			};
			name = Debug;
		};
		510A20BC20CE248E00299D65 /* Release */ = {
			isa = XCBuildConfiguration;
			buildSettings = {
				ASSETCATALOG_COMPILER_APPICON_NAME = AppIcon;
				ASSETCATALOG_COMPILER_LAUNCHIMAGE_NAME = LaunchImage;
				CODE_SIGN_STYLE = Automatic;
				DEVELOPMENT_TEAM = L9687TNJ7S;
				INFOPLIST_FILE = DYLive_Swift/Info.plist;
				LD_RUNPATH_SEARCH_PATHS = (
					"$(inherited)",
					"@executable_path/Frameworks",
				);
				PRODUCT_BUNDLE_IDENTIFIER = "Mr.QuAndLi.DYLive-Swift";
				PRODUCT_NAME = "$(TARGET_NAME)";
				SWIFT_VERSION = 4.0;
				TARGETED_DEVICE_FAMILY = "1,2";
			};
			name = Release;
		};
		510A20BE20CE248E00299D65 /* Debug */ = {
			isa = XCBuildConfiguration;
			buildSettings = {
				ALWAYS_EMBED_SWIFT_STANDARD_LIBRARIES = YES;
				BUNDLE_LOADER = "$(TEST_HOST)";
				CODE_SIGN_STYLE = Automatic;
				DEVELOPMENT_TEAM = L9687TNJ7S;
				INFOPLIST_FILE = DYLive_SwiftTests/Info.plist;
				LD_RUNPATH_SEARCH_PATHS = (
					"$(inherited)",
					"@executable_path/Frameworks",
					"@loader_path/Frameworks",
				);
				PRODUCT_BUNDLE_IDENTIFIER = "Mr.QuAndLi.DYLive-SwiftTests";
				PRODUCT_NAME = "$(TARGET_NAME)";
				SWIFT_VERSION = 4.0;
				TARGETED_DEVICE_FAMILY = "1,2";
				TEST_HOST = "$(BUILT_PRODUCTS_DIR)/DYLive_Swift.app/DYLive_Swift";
			};
			name = Debug;
		};
		510A20BF20CE248E00299D65 /* Release */ = {
			isa = XCBuildConfiguration;
			buildSettings = {
				ALWAYS_EMBED_SWIFT_STANDARD_LIBRARIES = YES;
				BUNDLE_LOADER = "$(TEST_HOST)";
				CODE_SIGN_STYLE = Automatic;
				DEVELOPMENT_TEAM = L9687TNJ7S;
				INFOPLIST_FILE = DYLive_SwiftTests/Info.plist;
				LD_RUNPATH_SEARCH_PATHS = (
					"$(inherited)",
					"@executable_path/Frameworks",
					"@loader_path/Frameworks",
				);
				PRODUCT_BUNDLE_IDENTIFIER = "Mr.QuAndLi.DYLive-SwiftTests";
				PRODUCT_NAME = "$(TARGET_NAME)";
				SWIFT_VERSION = 4.0;
				TARGETED_DEVICE_FAMILY = "1,2";
				TEST_HOST = "$(BUILT_PRODUCTS_DIR)/DYLive_Swift.app/DYLive_Swift";
			};
			name = Release;
		};
/* End XCBuildConfiguration section */

/* Begin XCConfigurationList section */
		510A209820CE248D00299D65 /* Build configuration list for PBXProject "DYLive_Swift" */ = {
			isa = XCConfigurationList;
			buildConfigurations = (
				510A20B820CE248E00299D65 /* Debug */,
				510A20B920CE248E00299D65 /* Release */,
			);
			defaultConfigurationIsVisible = 0;
			defaultConfigurationName = Release;
		};
		510A20BA20CE248E00299D65 /* Build configuration list for PBXNativeTarget "DYLive_Swift" */ = {
			isa = XCConfigurationList;
			buildConfigurations = (
				510A20BB20CE248E00299D65 /* Debug */,
				510A20BC20CE248E00299D65 /* Release */,
			);
			defaultConfigurationIsVisible = 0;
			defaultConfigurationName = Release;
		};
		510A20BD20CE248E00299D65 /* Build configuration list for PBXNativeTarget "DYLive_SwiftTests" */ = {
			isa = XCConfigurationList;
			buildConfigurations = (
				510A20BE20CE248E00299D65 /* Debug */,
				510A20BF20CE248E00299D65 /* Release */,
			);
			defaultConfigurationIsVisible = 0;
			defaultConfigurationName = Release;
		};
/* End XCConfigurationList section */
	};
	rootObject = 510A209520CE248D00299D65 /* Project object */;
}
